<?xml version="1.0" encoding="UTF-8" standalone="yes" ?>
<CodeBlocks_project_file>
	<FileVersion major="1" minor="6" />
	<Project>
		<Option title="NuTNaI" />
		<Option pch_mode="2" />
		<Option compiler="gcc" />
		<Build>
			<Target title="Debug">
				<Option output="bin/Debug/NuTNaI" prefix_auto="1" extension_auto="1" />
				<Option object_output="obj/Debug/" />
				<Option type="1" />
				<Option compiler="gcc" />
				<Compiler>
					<Add option="-g" />
				</Compiler>
			</Target>
			<Target title="Release">
				<Option output="bin/Release/NuTNaI" prefix_auto="1" extension_auto="1" />
				<Option object_output="obj/Release/" />
				<Option type="1" />
				<Option compiler="gcc" />
				<Compiler>
					<Add option="-O2" />
				</Compiler>
				<Linker>
					<Add option="-s" />
				</Linker>
			</Target>
		</Build>
		<Compiler>
			<Add option="-Wall" />
			<Add option="-fexceptions" />
		</Compiler>
		<Unit filename="14.Bee.cpp">
			<Option compile="0" />
			<Option link="0" />
		</Unit>
		<Unit filename="165.trigger finger.cpp">
			<Option compile="0" />
			<Option link="0" />
		</Unit>
		<Unit filename="17.segment.cpp">
			<Option compile="0" />
			<Option link="0" />
		</Unit>
		<Unit filename="283.DekZaa.cpp">
			<Option compile="0" />
			<Option link="0" />
		</Unit>
		<Unit filename="39.Permutation.cpp">
			<Option compile="0" />
			<Option link="0" />
		</Unit>
		<Unit filename="492.Pattern_2.cpp">
			<Option compile="0" />
			<Option link="0" />
		</Unit>
		<Unit filename="493.Pattern_3.cpp">
			<Option compile="0" />
			<Option link="0" />
		</Unit>
		<Unit filename="494.Pattern_4.cpp">
			<Option compile="0" />
			<Option link="0" />
		</Unit>
		<Unit filename="495.Pattern_5.cpp">
			<Option compile="0" />
			<Option link="0" />
		</Unit>
		<Unit filename="496.Pattern_6.cpp">
			<Option compile="0" />
			<Option link="0" />
		</Unit>
		<Unit filename="497.Pattern_7.cpp" />
		<Unit filename="main.cpp">
			<Option compile="0" />
			<Option link="0" />
		</Unit>
		<Extensions>
			<code_completion />
			<envvars />
			<debugger />
			<lib_finder disable_auto="1" />
		</Extensions>
	</Project>
</CodeBlocks_project_file>
